
Microsoft Visual Studio Solution File, Format Version 12.00
# Visual Studio Version 16
VisualStudioVersion = 16.0.29920.165
MinimumVisualStudioVersion = 10.0.40219.1
Project("{9A19103F-16F7-4668-BE54-9A1E7A4F7556}") = "Examples", "Examples\Examples.csproj", "{0E383942-A491-415C-87A6-4A763C32CFB7}"
EndProject
Project("{9A19103F-16F7-4668-BE54-9A1E7A4F7556}") = "Methods", "Methods\Methods.csproj", "{8ED85D99-8CFC-49C9-B478-4BEB98A3DE4F}"
EndProject
Project("{9A19103F-16F7-4668-BE54-9A1E7A4F7556}") = "MakingDecisions", "MakingDecisions\MakingDecisions.csproj", "{50E371A9-580F-4996-9896-0A6F16C8E7E9}"
EndProject
Project("{FAE04EC0-301F-11D3-BF4B-00C04F79EFBC}") = "Loops", "Loops\Loops.csproj", "{0ECA23E9-C28C-4DAE-A7D5-F7B83777EBAD}"
EndProject
Project("{FAE04EC0-301F-11D3-BF4B-00C04F79EFBC}") = "Classes - Basics", "Classes - Basics\Classes - Basics.csproj", "{4F4F3048-4771-4020-B047-9DA9404FACF0}"
EndProject
Project("{FAE04EC0-301F-11D3-BF4B-00C04F79EFBC}") = "Arrays", "Arrays\Arrays.csproj", "{58586887-4080-4447-9889-61546FCE4351}"
EndProject
Project("{FAE04EC0-301F-11D3-BF4B-00C04F79EFBC}") = "Car Rental", "Car Rental\Car Rental.csproj", "{47E9E48D-380A-43F2-968E-767E0CB3A043}"
EndProject
Project("{FAE04EC0-301F-11D3-BF4B-00C04F79EFBC}") = "Tic Tac Toe", "Tic Tac Toe\Tic Tac Toe.csproj", "{39A6B341-376F-42A0-A705-E32D1D1D9BB1}"
EndProject
Global
	GlobalSection(SolutionConfigurationPlatforms) = preSolution
		Debug|Any CPU = Debug|Any CPU
		Release|Any CPU = Release|Any CPU
	EndGlobalSection
	GlobalSection(ProjectConfigurationPlatforms) = postSolution
		{0E383942-A491-415C-87A6-4A763C32CFB7}.Debug|Any CPU.ActiveCfg = Debug|Any CPU
		{0E383942-A491-415C-87A6-4A763C32CFB7}.Debug|Any CPU.Build.0 = Debug|Any CPU
		{0E383942-A491-415C-87A6-4A763C32CFB7}.Release|Any CPU.ActiveCfg = Release|Any CPU
		{0E383942-A491-415C-87A6-4A763C32CFB7}.Release|Any CPU.Build.0 = Release|Any CPU
		{8ED85D99-8CFC-49C9-B478-4BEB98A3DE4F}.Debug|Any CPU.ActiveCfg = Debug|Any CPU
		{8ED85D99-8CFC-49C9-B478-4BEB98A3DE4F}.Debug|Any CPU.Build.0 = Debug|Any CPU
		{8ED85D99-8CFC-49C9-B478-4BEB98A3DE4F}.Release|Any CPU.ActiveCfg = Release|Any CPU
		{8ED85D99-8CFC-49C9-B478-4BEB98A3DE4F}.Release|Any CPU.Build.0 = Release|Any CPU
		{50E371A9-580F-4996-9896-0A6F16C8E7E9}.Debug|Any CPU.ActiveCfg = Debug|Any CPU
		{50E371A9-580F-4996-9896-0A6F16C8E7E9}.Debug|Any CPU.Build.0 = Debug|Any CPU
		{50E371A9-580F-4996-9896-0A6F16C8E7E9}.Release|Any CPU.ActiveCfg = Release|Any CPU
		{50E371A9-580F-4996-9896-0A6F16C8E7E9}.Release|Any CPU.Build.0 = Release|Any CPU
		{0ECA23E9-C28C-4DAE-A7D5-F7B83777EBAD}.Debug|Any CPU.ActiveCfg = Debug|Any CPU
		{0ECA23E9-C28C-4DAE-A7D5-F7B83777EBAD}.Debug|Any CPU.Build.0 = Debug|Any CPU
		{0ECA23E9-C28C-4DAE-A7D5-F7B83777EBAD}.Release|Any CPU.ActiveCfg = Release|Any CPU
		{0ECA23E9-C28C-4DAE-A7D5-F7B83777EBAD}.Release|Any CPU.Build.0 = Release|Any CPU
		{4F4F3048-4771-4020-B047-9DA9404FACF0}.Debug|Any CPU.ActiveCfg = Debug|Any CPU
		{4F4F3048-4771-4020-B047-9DA9404FACF0}.Debug|Any CPU.Build.0 = Debug|Any CPU
		{4F4F3048-4771-4020-B047-9DA9404FACF0}.Release|Any CPU.ActiveCfg = Release|Any CPU
		{4F4F3048-4771-4020-B047-9DA9404FACF0}.Release|Any CPU.Build.0 = Release|Any CPU
		{58586887-4080-4447-9889-61546FCE4351}.Debug|Any CPU.ActiveCfg = Debug|Any CPU
		{58586887-4080-4447-9889-61546FCE4351}.Debug|Any CPU.Build.0 = Debug|Any CPU
		{58586887-4080-4447-9889-61546FCE4351}.Release|Any CPU.ActiveCfg = Release|Any CPU
		{58586887-4080-4447-9889-61546FCE4351}.Release|Any CPU.Build.0 = Release|Any CPU
		{47E9E48D-380A-43F2-968E-767E0CB3A043}.Debug|Any CPU.ActiveCfg = Debug|Any CPU
		{47E9E48D-380A-43F2-968E-767E0CB3A043}.Debug|Any CPU.Build.0 = Debug|Any CPU
		{47E9E48D-380A-43F2-968E-767E0CB3A043}.Release|Any CPU.ActiveCfg = Release|Any CPU
		{47E9E48D-380A-43F2-968E-767E0CB3A043}.Release|Any CPU.Build.0 = Release|Any CPU
		{39A6B341-376F-42A0-A705-E32D1D1D9BB1}.Debug|Any CPU.ActiveCfg = Debug|Any CPU
		{39A6B341-376F-42A0-A705-E32D1D1D9BB1}.Debug|Any CPU.Build.0 = Debug|Any CPU
		{39A6B341-376F-42A0-A705-E32D1D1D9BB1}.Release|Any CPU.ActiveCfg = Release|Any CPU
		{39A6B341-376F-42A0-A705-E32D1D1D9BB1}.Release|Any CPU.Build.0 = Release|Any CPU
	EndGlobalSection
	GlobalSection(SolutionProperties) = preSolution
		HideSolutionNode = FALSE
	EndGlobalSection
	GlobalSection(ExtensibilityGlobals) = postSolution
		SolutionGuid = {74481735-3CE9-403A-A19B-1BFA7E3B0A3A}
	EndGlobalSection
EndGlobal
